PODS:
  - agora_chat_sdk (0.0.1):
    - Flutter
    - HyphenateChat (= 4.10.3.5)
  - Flutter (1.0.0)
  - HyphenateChat (4.10.3.5)

DEPENDENCIES:
  - agora_chat_sdk (from `.symlinks/plugins/agora_chat_sdk/ios`)
  - Flutter (from `Flutter`)

SPEC REPOS:
  trunk:
    - HyphenateChat

EXTERNAL SOURCES:
  agora_chat_sdk:
    :path: ".symlinks/plugins/agora_chat_sdk/ios"
  Flutter:
    :path: Flutter

SPEC CHECKSUMS:
  agora_chat_sdk: 09244c9f29c34a82966dc0557520bb33491f9cf7
  Flutter: cabc95a1d2626b1b06e7179b784ebcf0c0cde467
  HyphenateChat: f735e6d759de0f07d46ffc52aad338edd4de3af8

PODFILE CHECKSUM: cc1f88378b4bfcf93a6ce00d2c587857c6008d3b

COCOAPODS: 1.16.2
